
Microsoft Visual Studio Solution File, Format Version 12.00
# Visual Studio Version 17
VisualStudioVersion = 17.6.33513.286
MinimumVisualStudioVersion = 10.0.40219.1
Project("{FAE04EC0-301F-11D3-BF4B-00C04F79EFBC}") = "BlazorWASMGameOfLife", "BlazorWASMGameOfLife\BlazorWASMGameOfLife.csproj", "{57DB084F-85F4-4C2B-981C-5996000A4ADF}"
EndProject
Global
	GlobalSection(SolutionConfigurationPlatforms) = preSolution
		Debug|Any CPU = Debug|Any CPU
		Release|Any CPU = Release|Any CPU
	EndGlobalSection
	GlobalSection(ProjectConfigurationPlatforms) = postSolution
		{57DB084F-85F4-4C2B-981C-5996000A4ADF}.Debug|Any CPU.ActiveCfg = Debug|Any CPU
		{57DB084F-85F4-4C2B-981C-5996000A4ADF}.Debug|Any CPU.Build.0 = Debug|Any CPU
		{57DB084F-85F4-4C2B-981C-5996000A4ADF}.Release|Any CPU.ActiveCfg = Release|Any CPU
		{57DB084F-85F4-4C2B-981C-5996000A4ADF}.Release|Any CPU.Build.0 = Release|Any CPU
	EndGlobalSection
	GlobalSection(SolutionProperties) = preSolution
		HideSolutionNode = FALSE
	EndGlobalSection
	GlobalSection(ExtensibilityGlobals) = postSolution
		SolutionGuid = {ACA19F59-15A4-4FAD-AC32-7F3FFB3E4AEF}
	EndGlobalSection
EndGlobal
